github.com/jan-bar/tools v0.0.0-20230418074541-852f58aef4ae h1:7VZD3dvaePKW4ThkJtbXxd4WwoBxkWaTnAMPkX96ZN4=
github.com/jan-bar/tools v0.0.0-20230418074541-852f58aef4ae/go.mod h1:KHfgSwCMuGnjWk6HLl1jUroUyGcPGKC/ng3PBw2kBjM=
github.com/lxn/win v0.0.0-20210218163916-a377121e959e h1:H+t6A/QJMbhCSEH5rAuRxh+CtW96g0Or0Fxa9IKr4uc=
github.com/lxn/win v0.0.0-20210218163916-a377121e959e/go.mod h1:KxxjdtRkfNoYDCUP5ryK7XJJNTnpC8atvtmTheChOtk=
gocv.io/x/gocv v0.39.0 h1:vWHupDE22LebZW6id2mVeT767j1YS8WqGt+ZiV7XJXE=
gocv.io/x/gocv v0.39.0/go.mod h1:zYdWMj29WAEznM3Y8NsU3A0TRq/wR/cy75jeUypThqU=
golang.org/x/sys v0.0.0-20201018230417-eeed37f84f13/go.mod h1:h1NjWce9XRLGQEsW7wpKNCjG9DtNlClVuFLEZdDNbEs=
golang.org/x/sys v0.27.0 h1:wBqf8DvsY9Y/2P8gAfPDEYNuS30J4lPHJxXSb/nJZ+s=
golang.org/x/sys v0.27.0/go.mod h1:/VUhepiaJMQUp4+oa/7Zr1D23ma6VTLIYjOOTFZPUcA=
